
Microsoft Visual Studio Solution File, Format Version 12.00
# Visual Studio Version 17
VisualStudioVersion = 17.7.34024.191
MinimumVisualStudioVersion = 10.0.40219.1
Project("{9A19103F-16F7-4668-BE54-9A1E7A4F7556}") = "VisionX", "VisionX\VisionX.csproj", "{568E52CC-3D24-40F0-8460-3DDC534C1DAE}"
EndProject
Global
	GlobalSection(SolutionConfigurationPlatforms) = preSolution
		Debug|Any CPU = Debug|Any CPU
		Release|Any CPU = Release|Any CPU
	EndGlobalSection
	GlobalSection(ProjectConfigurationPlatforms) = postSolution
		{568E52CC-3D24-40F0-8460-3DDC534C1DAE}.Debug|Any CPU.ActiveCfg = Debug|Any CPU
		{568E52CC-3D24-40F0-8460-3DDC534C1DAE}.Debug|Any CPU.Build.0 = Debug|Any CPU
		{568E52CC-3D24-40F0-8460-3DDC534C1DAE}.Release|Any CPU.ActiveCfg = Release|Any CPU
		{568E52CC-3D24-40F0-8460-3DDC534C1DAE}.Release|Any CPU.Build.0 = Release|Any CPU
	EndGlobalSection
	GlobalSection(SolutionProperties) = preSolution
		HideSolutionNode = FALSE
	EndGlobalSection
	GlobalSection(ExtensibilityGlobals) = postSolution
		SolutionGuid = {97168B72-D175-4D3B-A3B2-5B40D2916B51}
	EndGlobalSection
EndGlobal
