
Microsoft Visual Studio Solution File, Format Version 12.00
# Visual Studio Version 17
VisualStudioVersion = 17.5.002.0
MinimumVisualStudioVersion = 10.0.40219.1
Project("{9A19103F-16F7-4668-BE54-9A1E7A4F7556}") = "VisionX", "VisionX.csproj", "{DA81CDC2-0D5F-4C78-B3A3-99634C80B140}"
EndProject
Global
	GlobalSection(SolutionConfigurationPlatforms) = preSolution
		Debug|Any CPU = Debug|Any CPU
		Release|Any CPU = Release|Any CPU
	EndGlobalSection
	GlobalSection(ProjectConfigurationPlatforms) = postSolution
		{DA81CDC2-0D5F-4C78-B3A3-99634C80B140}.Debug|Any CPU.ActiveCfg = Debug|Any CPU
		{DA81CDC2-0D5F-4C78-B3A3-99634C80B140}.Debug|Any CPU.Build.0 = Debug|Any CPU
		{DA81CDC2-0D5F-4C78-B3A3-99634C80B140}.Release|Any CPU.ActiveCfg = Release|Any CPU
		{DA81CDC2-0D5F-4C78-B3A3-99634C80B140}.Release|Any CPU.Build.0 = Release|Any CPU
	EndGlobalSection
	GlobalSection(SolutionProperties) = preSolution
		HideSolutionNode = FALSE
	EndGlobalSection
	GlobalSection(ExtensibilityGlobals) = postSolution
		SolutionGuid = {EFB4305F-229A-46ED-B2FC-3F88994B8824}
	EndGlobalSection
EndGlobal
